
Microsoft Visual Studio Solution File, Format Version 12.00
# Visual Studio Version 16
VisualStudioVersion = 16.0.33027.164
MinimumVisualStudioVersion = 10.0.40219.1
Project("{8BC9CEB8-8B4A-11D0-8D11-00A0C91BC942}") = "FantasyForge", "FantasyForge\FantasyForge.vcxproj", "{A01F7874-F356-42EE-95ED-E1A1FB1C508B}"
EndProject
Global
	GlobalSection(SolutionConfigurationPlatforms) = preSolution
		Debug|x64 = Debug|x64
		Debug|x86 = Debug|x86
		Release|x64 = Release|x64
		Release|x86 = Release|x86
	EndGlobalSection
	GlobalSection(ProjectConfigurationPlatforms) = postSolution
		{A01F7874-F356-42EE-95ED-E1A1FB1C508B}.Debug|x64.ActiveCfg = Debug|x64
		{A01F7874-F356-42EE-95ED-E1A1FB1C508B}.Debug|x64.Build.0 = Debug|x64
		{A01F7874-F356-42EE-95ED-E1A1FB1C508B}.Debug|x86.ActiveCfg = Debug|Win32
		{A01F7874-F356-42EE-95ED-E1A1FB1C508B}.Debug|x86.Build.0 = Debug|Win32
		{A01F7874-F356-42EE-95ED-E1A1FB1C508B}.Release|x64.ActiveCfg = Release|x64
		{A01F7874-F356-42EE-95ED-E1A1FB1C508B}.Release|x64.Build.0 = Release|x64
		{A01F7874-F356-42EE-95ED-E1A1FB1C508B}.Release|x86.ActiveCfg = Release|Win32
		{A01F7874-F356-42EE-95ED-E1A1FB1C508B}.Release|x86.Build.0 = Release|Win32
	EndGlobalSection
	GlobalSection(SolutionProperties) = preSolution
		HideSolutionNode = FALSE
	EndGlobalSection
	GlobalSection(ExtensibilityGlobals) = postSolution
		SolutionGuid = {9CEE86B7-E509-4A96-AFFD-380FCD7E73D7}
	EndGlobalSection
EndGlobal
